
Microsoft Visual Studio Solution File, Format Version 12.00
# Visual Studio Version 17
VisualStudioVersion = 17.5.002.0
MinimumVisualStudioVersion = 10.0.40219.1
Project("{9A19103F-16F7-4668-BE54-9A1E7A4F7556}") = "UbcAssignment", "UbcAssignment.csproj", "{D36C29FF-81E2-4C7D-88EC-8D03D6EF560D}"
EndProject
Global
	GlobalSection(SolutionConfigurationPlatforms) = preSolution
		Debug|Any CPU = Debug|Any CPU
		Release|Any CPU = Release|Any CPU
	EndGlobalSection
	GlobalSection(ProjectConfigurationPlatforms) = postSolution
		{D36C29FF-81E2-4C7D-88EC-8D03D6EF560D}.Debug|Any CPU.ActiveCfg = Debug|Any CPU
		{D36C29FF-81E2-4C7D-88EC-8D03D6EF560D}.Debug|Any CPU.Build.0 = Debug|Any CPU
		{D36C29FF-81E2-4C7D-88EC-8D03D6EF560D}.Release|Any CPU.ActiveCfg = Release|Any CPU
		{D36C29FF-81E2-4C7D-88EC-8D03D6EF560D}.Release|Any CPU.Build.0 = Release|Any CPU
	EndGlobalSection
	GlobalSection(SolutionProperties) = preSolution
		HideSolutionNode = FALSE
	EndGlobalSection
	GlobalSection(ExtensibilityGlobals) = postSolution
		SolutionGuid = {9A8BA371-3115-48CD-B377-90A00E98ED1E}
	EndGlobalSection
EndGlobal
